
Microsoft Visual Studio Solution File, Format Version 12.00
# Visual Studio Version 16
VisualStudioVersion = 16.0.29411.108
MinimumVisualStudioVersion = 10.0.40219.1
Project("{FAE04EC0-301F-11D3-BF4B-00C04F79EFBC}") = "AutomationTestSetFramework", "AutomationFramework\AutomationTestSetFramework.csproj", "{FF29EE1B-7DC7-44C1-9A96-0500081ACF1B}"
EndProject
Global
	GlobalSection(SolutionConfigurationPlatforms) = preSolution
		Debug|Any CPU = Debug|Any CPU
		Release|Any CPU = Release|Any CPU
	EndGlobalSection
	GlobalSection(ProjectConfigurationPlatforms) = postSolution
		{FF29EE1B-7DC7-44C1-9A96-0500081ACF1B}.Debug|Any CPU.ActiveCfg = Debug|Any CPU
		{FF29EE1B-7DC7-44C1-9A96-0500081ACF1B}.Debug|Any CPU.Build.0 = Debug|Any CPU
		{FF29EE1B-7DC7-44C1-9A96-0500081ACF1B}.Release|Any CPU.ActiveCfg = Release|Any CPU
		{FF29EE1B-7DC7-44C1-9A96-0500081ACF1B}.Release|Any CPU.Build.0 = Release|Any CPU
	EndGlobalSection
	GlobalSection(SolutionProperties) = preSolution
		HideSolutionNode = FALSE
	EndGlobalSection
	GlobalSection(ExtensibilityGlobals) = postSolution
		SolutionGuid = {66187019-9907-4253-ACF5-E323CF59EC84}
	EndGlobalSection
EndGlobal
